// !$*UTF8*$!
{
	archiveVersion = 1;
	classes = {
	};
	objectVersion = 77;
	objects = {

/* Begin PBXBuildFile section */
		0D5795582CFB70470073657C /* FirebaseAuth in Frameworks */ = {isa = PBXBuildFile; productRef = 0D5795572CFB70470073657C /* FirebaseAuth */; };
		0D57955A2CFB706A0073657C /* FirebaseAnalytics in Frameworks */ = {isa = PBXBuildFile; productRef = 0D5795592CFB706A0073657C /* FirebaseAnalytics */; };
		0D57957D2CFCB5810073657C /* MessageBubble.swift in Sources */ = {isa = PBXBuildFile; fileRef = 0D5795612CFCB5810073657C /* MessageBubble.swift */; };
		0D57957E2CFCB5810073657C /* MessageField.swift in Sources */ = {isa = PBXBuildFile; fileRef = 0D5795622CFCB5810073657C /* MessageField.swift */; };
		0D57957F2CFCB5810073657C /* TitleRow.swift in Sources */ = {isa = PBXBuildFile; fileRef = 0D5795632CFCB5810073657C /* TitleRow.swift */; };
		0D5795802CFCB5810073657C /* Message.swift in Sources */ = {isa = PBXBuildFile; fileRef = 0D5795652CFCB5810073657C /* Message.swift */; };
		0D5795812CFCB5810073657C /* AppDockView.swift in Sources */ = {isa = PBXBuildFile; fileRef = 0D5795692CFCB5810073657C /* AppDockView.swift */; };
		0D5795822CFCB5810073657C /* ChatScreen.swift in Sources */ = {isa = PBXBuildFile; fileRef = 0D57956A2CFCB5810073657C /* ChatScreen.swift */; };
		0D5795832CFCB5810073657C /* HomeScreen.swift in Sources */ = {isa = PBXBuildFile; fileRef = 0D57956B2CFCB5810073657C /* HomeScreen.swift */; };
		0D5795842CFCB5810073657C /* MusicPlayerView.swift in Sources */ = {isa = PBXBuildFile; fileRef = 0D57956C2CFCB5810073657C /* MusicPlayerView.swift */; };
		0D5795852CFCB5810073657C /* SettingsView.swift in Sources */ = {isa = PBXBuildFile; fileRef = 0D57956D2CFCB5810073657C /* SettingsView.swift */; };
		0D5795862CFCB5810073657C /* SignInScreenView.swift in Sources */ = {isa = PBXBuildFile; fileRef = 0D57956E2CFCB5810073657C /* SignInScreenView.swift */; };
		0D5795872CFCB5810073657C /* SignUpScreenView.swift in Sources */ = {isa = PBXBuildFile; fileRef = 0D57956F2CFCB5810073657C /* SignUpScreenView.swift */; };
		0D5795882CFCB5810073657C /* SplashScreen.swift in Sources */ = {isa = PBXBuildFile; fileRef = 0D5795702CFCB5810073657C /* SplashScreen.swift */; };
		0D5795892CFCB5810073657C /* UserProfileView.swift in Sources */ = {isa = PBXBuildFile; fileRef = 0D5795712CFCB5810073657C /* UserProfileView.swift */; };
		0D57958A2CFCB5810073657C /* WelcomeScreenView.swift in Sources */ = {isa = PBXBuildFile; fileRef = 0D5795722CFCB5810073657C /* WelcomeScreenView.swift */; };
		0D57958B2CFCB5810073657C /* CustomStyleModifier.swift in Sources */ = {isa = PBXBuildFile; fileRef = 0D5795742CFCB5810073657C /* CustomStyleModifier.swift */; };
		0D57958C2CFCB5810073657C /* ContentView.swift in Sources */ = {isa = PBXBuildFile; fileRef = 0D5795772CFCB5810073657C /* ContentView.swift */; };
		0D57958D2CFCB5810073657C /* DockifyApp.swift in Sources */ = {isa = PBXBuildFile; fileRef = 0D5795782CFCB5810073657C /* DockifyApp.swift */; };
		0D57958E2CFCB5810073657C /* Extensions.swift in Sources */ = {isa = PBXBuildFile; fileRef = 0D5795792CFCB5810073657C /* Extensions.swift */; };
		0D57958F2CFCB5810073657C /* MessagesManager.swift in Sources */ = {isa = PBXBuildFile; fileRef = 0D57957B2CFCB5810073657C /* MessagesManager.swift */; };
		0D5795902CFCB5810073657C /* Preview Assets.xcassets in Resources */ = {isa = PBXBuildFile; fileRef = 0D5795672CFCB5810073657C /* Preview Assets.xcassets */; };
		0D5795912CFCB5810073657C /* Assets.xcassets in Resources */ = {isa = PBXBuildFile; fileRef = 0D5795762CFCB5810073657C /* Assets.xcassets */; };
		0D5795922CFCB5810073657C /* GoogleService-Info.plist in Resources */ = {isa = PBXBuildFile; fileRef = 0D57957A2CFCB5810073657C /* GoogleService-Info.plist */; };
		0D9E10642CF693C300723180 /* FirebaseFirestore in Frameworks */ = {isa = PBXBuildFile; productRef = 0D9E10632CF693C300723180 /* FirebaseFirestore */; };
/* End PBXBuildFile section */

/* Begin PBXContainerItemProxy section */
		0DD496B72CF40C940040E0E6 /* PBXContainerItemProxy */ = {
			isa = PBXContainerItemProxy;
			containerPortal = 0DD4969E2CF40C930040E0E6 /* Project object */;
			proxyType = 1;
			remoteGlobalIDString = 0DD496A52CF40C930040E0E6;
			remoteInfo = Dockify;
		};
		0DD496C12CF40C950040E0E6 /* PBXContainerItemProxy */ = {
			isa = PBXContainerItemProxy;
			containerPortal = 0DD4969E2CF40C930040E0E6 /* Project object */;
			proxyType = 1;
			remoteGlobalIDString = 0DD496A52CF40C930040E0E6;
			remoteInfo = Dockify;
		};
/* End PBXContainerItemProxy section */

/* Begin PBXFileReference section */
		0D5795612CFCB5810073657C /* MessageBubble.swift */ = {isa = PBXFileReference; lastKnownFileType = sourcecode.swift; path = MessageBubble.swift; sourceTree = "<group>"; };
		0D5795622CFCB5810073657C /* MessageField.swift */ = {isa = PBXFileReference; lastKnownFileType = sourcecode.swift; path = MessageField.swift; sourceTree = "<group>"; };
		0D5795632CFCB5810073657C /* TitleRow.swift */ = {isa = PBXFileReference; lastKnownFileType = sourcecode.swift; path = TitleRow.swift; sourceTree = "<group>"; };
		0D5795652CFCB5810073657C /* Message.swift */ = {isa = PBXFileReference; lastKnownFileType = sourcecode.swift; path = Message.swift; sourceTree = "<group>"; };
		0D5795672CFCB5810073657C /* Preview Assets.xcassets */ = {isa = PBXFileReference; lastKnownFileType = folder.assetcatalog; path = "Preview Assets.xcassets"; sourceTree = "<group>"; };
		0D5795692CFCB5810073657C /* AppDockView.swift */ = {isa = PBXFileReference; lastKnownFileType = sourcecode.swift; path = AppDockView.swift; sourceTree = "<group>"; };
		0D57956A2CFCB5810073657C /* ChatScreen.swift */ = {isa = PBXFileReference; lastKnownFileType = sourcecode.swift; path = ChatScreen.swift; sourceTree = "<group>"; };
		0D57956B2CFCB5810073657C /* HomeScreen.swift */ = {isa = PBXFileReference; lastKnownFileType = sourcecode.swift; path = HomeScreen.swift; sourceTree = "<group>"; };
		0D57956C2CFCB5810073657C /* MusicPlayerView.swift */ = {isa = PBXFileReference; lastKnownFileType = sourcecode.swift; path = MusicPlayerView.swift; sourceTree = "<group>"; };
		0D57956D2CFCB5810073657C /* SettingsView.swift */ = {isa = PBXFileReference; lastKnownFileType = sourcecode.swift; path = SettingsView.swift; sourceTree = "<group>"; };
		0D57956E2CFCB5810073657C /* SignInScreenView.swift */ = {isa = PBXFileReference; lastKnownFileType = sourcecode.swift; path = SignInScreenView.swift; sourceTree = "<group>"; };
		0D57956F2CFCB5810073657C /* SignUpScreenView.swift */ = {isa = PBXFileReference; lastKnownFileType = sourcecode.swift; path = SignUpScreenView.swift; sourceTree = "<group>"; };
		0D5795702CFCB5810073657C /* SplashScreen.swift */ = {isa = PBXFileReference; lastKnownFileType = sourcecode.swift; path = SplashScreen.swift; sourceTree = "<group>"; };
		0D5795712CFCB5810073657C /* UserProfileView.swift */ = {isa = PBXFileReference; lastKnownFileType = sourcecode.swift; path = UserProfileView.swift; sourceTree = "<group>"; };
		0D5795722CFCB5810073657C /* WelcomeScreenView.swift */ = {isa = PBXFileReference; lastKnownFileType = sourcecode.swift; path = WelcomeScreenView.swift; sourceTree = "<group>"; };
		0D5795742CFCB5810073657C /* CustomStyleModifier.swift */ = {isa = PBXFileReference; lastKnownFileType = sourcecode.swift; path = CustomStyleModifier.swift; sourceTree = "<group>"; };
		0D5795762CFCB5810073657C /* Assets.xcassets */ = {isa = PBXFileReference; lastKnownFileType = folder.assetcatalog; path = Assets.xcassets; sourceTree = "<group>"; };
		0D5795772CFCB5810073657C /* ContentView.swift */ = {isa = PBXFileReference; lastKnownFileType = sourcecode.swift; path = ContentView.swift; sourceTree = "<group>"; };
		0D5795782CFCB5810073657C /* DockifyApp.swift */ = {isa = PBXFileReference; lastKnownFileType = sourcecode.swift; path = DockifyApp.swift; sourceTree = "<group>"; };
		0D5795792CFCB5810073657C /* Extensions.swift */ = {isa = PBXFileReference; lastKnownFileType = sourcecode.swift; path = Extensions.swift; sourceTree = "<group>"; };
		0D57957A2CFCB5810073657C /* GoogleService-Info.plist */ = {isa = PBXFileReference; lastKnownFileType = text.plist.xml; path = "GoogleService-Info.plist"; sourceTree = "<group>"; };
		0D57957B2CFCB5810073657C /* MessagesManager.swift */ = {isa = PBXFileReference; lastKnownFileType = sourcecode.swift; path = MessagesManager.swift; sourceTree = "<group>"; };
		0DD496A62CF40C930040E0E6 /* Dockify.app */ = {isa = PBXFileReference; explicitFileType = wrapper.application; includeInIndex = 0; path = Dockify.app; sourceTree = BUILT_PRODUCTS_DIR; };
		0DD496B62CF40C940040E0E6 /* DockifyTests.xctest */ = {isa = PBXFileReference; explicitFileType = wrapper.cfbundle; includeInIndex = 0; path = DockifyTests.xctest; sourceTree = BUILT_PRODUCTS_DIR; };
		0DD496C02CF40C950040E0E6 /* DockifyUITests.xctest */ = {isa = PBXFileReference; explicitFileType = wrapper.cfbundle; includeInIndex = 0; path = DockifyUITests.xctest; sourceTree = BUILT_PRODUCTS_DIR; };
/* End PBXFileReference section */

/* Begin PBXFileSystemSynchronizedRootGroup section */
		0DD496B92CF40C940040E0E6 /* DockifyTests */ = {
			isa = PBXFileSystemSynchronizedRootGroup;
			path = DockifyTests;
			sourceTree = "<group>";
		};
		0DD496C32CF40C950040E0E6 /* DockifyUITests */ = {
			isa = PBXFileSystemSynchronizedRootGroup;
			path = DockifyUITests;
			sourceTree = "<group>";
		};
/* End PBXFileSystemSynchronizedRootGroup section */

/* Begin PBXFrameworksBuildPhase section */
		0DD496A32CF40C930040E0E6 /* Frameworks */ = {
			isa = PBXFrameworksBuildPhase;
			buildActionMask = 2147483647;
			files = (
				0D9E10642CF693C300723180 /* FirebaseFirestore in Frameworks */,
				0D5795582CFB70470073657C /* FirebaseAuth in Frameworks */,
				0D57955A2CFB706A0073657C /* FirebaseAnalytics in Frameworks */,
			);
			runOnlyForDeploymentPostprocessing = 0;
		};
		0DD496B32CF40C940040E0E6 /* Frameworks */ = {
			isa = PBXFrameworksBuildPhase;
			buildActionMask = 2147483647;
			files = (
			);
			runOnlyForDeploymentPostprocessing = 0;
		};
		0DD496BD2CF40C950040E0E6 /* Frameworks */ = {
			isa = PBXFrameworksBuildPhase;
			buildActionMask = 2147483647;
			files = (
			);
			runOnlyForDeploymentPostprocessing = 0;
		};
/* End PBXFrameworksBuildPhase section */

/* Begin PBXGroup section */
		0D5795642CFCB5810073657C /* Components */ = {
			isa = PBXGroup;
			children = (
				0D5795612CFCB5810073657C /* MessageBubble.swift */,
				0D5795622CFCB5810073657C /* MessageField.swift */,
				0D5795632CFCB5810073657C /* TitleRow.swift */,
			);
			path = Components;
			sourceTree = "<group>";
		};
		0D5795662CFCB5810073657C /* Models */ = {
			isa = PBXGroup;
			children = (
				0D5795652CFCB5810073657C /* Message.swift */,
			);
			path = Models;
			sourceTree = "<group>";
		};
		0D5795682CFCB5810073657C /* Preview Content */ = {
			isa = PBXGroup;
			children = (
				0D5795672CFCB5810073657C /* Preview Assets.xcassets */,
			);
			path = "Preview Content";
			sourceTree = "<group>";
		};
		0D5795732CFCB5810073657C /* Screens */ = {
			isa = PBXGroup;
			children = (
				0D5795692CFCB5810073657C /* AppDockView.swift */,
				0D57956A2CFCB5810073657C /* ChatScreen.swift */,
				0D57956B2CFCB5810073657C /* HomeScreen.swift */,
				0D57956C2CFCB5810073657C /* MusicPlayerView.swift */,
				0D57956D2CFCB5810073657C /* SettingsView.swift */,
				0D57956E2CFCB5810073657C /* SignInScreenView.swift */,
				0D57956F2CFCB5810073657C /* SignUpScreenView.swift */,
				0D5795702CFCB5810073657C /* SplashScreen.swift */,
				0D5795712CFCB5810073657C /* UserProfileView.swift */,
				0D5795722CFCB5810073657C /* WelcomeScreenView.swift */,
			);
			path = Screens;
			sourceTree = "<group>";
		};
		0D5795752CFCB5810073657C /* Styles */ = {
			isa = PBXGroup;
			children = (
				0D5795742CFCB5810073657C /* CustomStyleModifier.swift */,
			);
			path = Styles;
			sourceTree = "<group>";
		};
		0D57957C2CFCB5810073657C /* Dockify */ = {
			isa = PBXGroup;
			children = (
				0D5795642CFCB5810073657C /* Components */,
				0D5795662CFCB5810073657C /* Models */,
				0D5795682CFCB5810073657C /* Preview Content */,
				0D5795732CFCB5810073657C /* Screens */,
				0D5795752CFCB5810073657C /* Styles */,
				0D5795762CFCB5810073657C /* Assets.xcassets */,
				0D5795772CFCB5810073657C /* ContentView.swift */,
				0D5795782CFCB5810073657C /* DockifyApp.swift */,
				0D5795792CFCB5810073657C /* Extensions.swift */,
				0D57957A2CFCB5810073657C /* GoogleService-Info.plist */,
				0D57957B2CFCB5810073657C /* MessagesManager.swift */,
			);
			path = Dockify;
			sourceTree = "<group>";
		};
		0D9E10652CFA33A800723180 /* Frameworks */ = {
			isa = PBXGroup;
			children = (
			);
			name = Frameworks;
			sourceTree = "<group>";
		};
		0DD4969D2CF40C930040E0E6 = {
			isa = PBXGroup;
			children = (
				0D57957C2CFCB5810073657C /* Dockify */,
				0DD496B92CF40C940040E0E6 /* DockifyTests */,
				0DD496C32CF40C950040E0E6 /* DockifyUITests */,
				0D9E10652CFA33A800723180 /* Frameworks */,
				0DD496A72CF40C930040E0E6 /* Products */,
			);
			sourceTree = "<group>";
		};
		0DD496A72CF40C930040E0E6 /* Products */ = {
			isa = PBXGroup;
			children = (
				0DD496A62CF40C930040E0E6 /* Dockify.app */,
				0DD496B62CF40C940040E0E6 /* DockifyTests.xctest */,
				0DD496C02CF40C950040E0E6 /* DockifyUITests.xctest */,
			);
			name = Products;
			sourceTree = "<group>";
		};
/* End PBXGroup section */

/* Begin PBXNativeTarget section */
		0DD496A52CF40C930040E0E6 /* Dockify */ = {
			isa = PBXNativeTarget;
			buildConfigurationList = 0DD496CA2CF40C950040E0E6 /* Build configuration list for PBXNativeTarget "Dockify" */;
			buildPhases = (
				0DD496A22CF40C930040E0E6 /* Sources */,
				0DD496A32CF40C930040E0E6 /* Frameworks */,
				0DD496A42CF40C930040E0E6 /* Resources */,
			);
			buildRules = (
			);
			dependencies = (
			);
			name = Dockify;
			packageProductDependencies = (
				0D9E10632CF693C300723180 /* FirebaseFirestore */,
				0D5795572CFB70470073657C /* FirebaseAuth */,
				0D5795592CFB706A0073657C /* FirebaseAnalytics */,
			);
			productName = Dockify;
			productReference = 0DD496A62CF40C930040E0E6 /* Dockify.app */;
			productType = "com.apple.product-type.application";
		};
		0DD496B52CF40C940040E0E6 /* DockifyTests */ = {
			isa = PBXNativeTarget;
			buildConfigurationList = 0DD496CD2CF40C950040E0E6 /* Build configuration list for PBXNativeTarget "DockifyTests" */;
			buildPhases = (
				0DD496B22CF40C940040E0E6 /* Sources */,
				0DD496B32CF40C940040E0E6 /* Frameworks */,
				0DD496B42CF40C940040E0E6 /* Resources */,
			);
			buildRules = (
			);
			dependencies = (
				0DD496B82CF40C940040E0E6 /* PBXTargetDependency */,
			);
			fileSystemSynchronizedGroups = (
				0DD496B92CF40C940040E0E6 /* DockifyTests */,
			);
			name = DockifyTests;
			packageProductDependencies = (
			);
			productName = DockifyTests;
			productReference = 0DD496B62CF40C940040E0E6 /* DockifyTests.xctest */;
			productType = "com.apple.product-type.bundle.unit-test";
		};
		0DD496BF2CF40C950040E0E6 /* DockifyUITests */ = {
			isa = PBXNativeTarget;
			buildConfigurationList = 0DD496D02CF40C950040E0E6 /* Build configuration list for PBXNativeTarget "DockifyUITests" */;
			buildPhases = (
				0DD496BC2CF40C950040E0E6 /* Sources */,
				0DD496BD2CF40C950040E0E6 /* Frameworks */,
				0DD496BE2CF40C950040E0E6 /* Resources */,
			);
			buildRules = (
			);
			dependencies = (
				0DD496C22CF40C950040E0E6 /* PBXTargetDependency */,
			);
			fileSystemSynchronizedGroups = (
				0DD496C32CF40C950040E0E6 /* DockifyUITests */,
			);
			name = DockifyUITests;
			packageProductDependencies = (
			);
			productName = DockifyUITests;
			productReference = 0DD496C02CF40C950040E0E6 /* DockifyUITests.xctest */;
			productType = "com.apple.product-type.bundle.ui-testing";
		};
/* End PBXNativeTarget section */

/* Begin PBXProject section */
		0DD4969E2CF40C930040E0E6 /* Project object */ = {
			isa = PBXProject;
			attributes = {
				BuildIndependentTargetsInParallel = 1;
				LastSwiftUpdateCheck = 1600;
				LastUpgradeCheck = 1600;
				TargetAttributes = {
					0DD496A52CF40C930040E0E6 = {
						CreatedOnToolsVersion = 16.0;
					};
					0DD496B52CF40C940040E0E6 = {
						CreatedOnToolsVersion = 16.0;
						TestTargetID = 0DD496A52CF40C930040E0E6;
					};
					0DD496BF2CF40C950040E0E6 = {
						CreatedOnToolsVersion = 16.0;
						TestTargetID = 0DD496A52CF40C930040E0E6;
					};
				};
			};
			buildConfigurationList = 0DD496A12CF40C930040E0E6 /* Build configuration list for PBXProject "Dockify" */;
			developmentRegion = en;
			hasScannedForEncodings = 0;
			knownRegions = (
				en,
				Base,
			);
			mainGroup = 0DD4969D2CF40C930040E0E6;
			minimizedProjectReferenceProxies = 1;
			packageReferences = (
				0D9E10622CF693C300723180 /* XCRemoteSwiftPackageReference "firebase-ios-sdk" */,
			);
			preferredProjectObjectVersion = 77;
			productRefGroup = 0DD496A72CF40C930040E0E6 /* Products */;
			projectDirPath = "";
			projectRoot = "";
			targets = (
				0DD496A52CF40C930040E0E6 /* Dockify */,
				0DD496B52CF40C940040E0E6 /* DockifyTests */,
				0DD496BF2CF40C950040E0E6 /* DockifyUITests */,
			);
		};
/* End PBXProject section */

/* Begin PBXResourcesBuildPhase section */
		0DD496A42CF40C930040E0E6 /* Resources */ = {
			isa = PBXResourcesBuildPhase;
			buildActionMask = 2147483647;
			files = (
				0D5795902CFCB5810073657C /* Preview Assets.xcassets in Resources */,
				0D5795912CFCB5810073657C /* Assets.xcassets in Resources */,
				0D5795922CFCB5810073657C /* GoogleService-Info.plist in Resources */,
			);
			runOnlyForDeploymentPostprocessing = 0;
		};
		0DD496B42CF40C940040E0E6 /* Resources */ = {
			isa = PBXResourcesBuildPhase;
			buildActionMask = 2147483647;
			files = (
			);
			runOnlyForDeploymentPostprocessing = 0;
		};
		0DD496BE2CF40C950040E0E6 /* Resources */ = {
			isa = PBXResourcesBuildPhase;
			buildActionMask = 2147483647;
			files = (
			);
			runOnlyForDeploymentPostprocessing = 0;
		};
/* End PBXResourcesBuildPhase section */

/* Begin PBXSourcesBuildPhase section */
		0DD496A22CF40C930040E0E6 /* Sources */ = {
			isa = PBXSourcesBuildPhase;
			buildActionMask = 2147483647;
			files = (
				0D57957D2CFCB5810073657C /* MessageBubble.swift in Sources */,
				0D57957E2CFCB5810073657C /* MessageField.swift in Sources */,
				0D57957F2CFCB5810073657C /* TitleRow.swift in Sources */,
				0D5795802CFCB5810073657C /* Message.swift in Sources */,
				0D5795812CFCB5810073657C /* AppDockView.swift in Sources */,
				0D5795822CFCB5810073657C /* ChatScreen.swift in Sources */,
				0D5795832CFCB5810073657C /* HomeScreen.swift in Sources */,
				0D5795842CFCB5810073657C /* MusicPlayerView.swift in Sources */,
				0D5795852CFCB5810073657C /* SettingsView.swift in Sources */,
				0D5795862CFCB5810073657C /* SignInScreenView.swift in Sources */,
				0D5795872CFCB5810073657C /* SignUpScreenView.swift in Sources */,
				0D5795882CFCB5810073657C /* SplashScreen.swift in Sources */,
				0D5795892CFCB5810073657C /* UserProfileView.swift in Sources */,
				0D57958A2CFCB5810073657C /* WelcomeScreenView.swift in Sources */,
				0D57958B2CFCB5810073657C /* CustomStyleModifier.swift in Sources */,
				0D57958C2CFCB5810073657C /* ContentView.swift in Sources */,
				0D57958D2CFCB5810073657C /* DockifyApp.swift in Sources */,
				0D57958E2CFCB5810073657C /* Extensions.swift in Sources */,
				0D57958F2CFCB5810073657C /* MessagesManager.swift in Sources */,
			);
			runOnlyForDeploymentPostprocessing = 0;
		};
		0DD496B22CF40C940040E0E6 /* Sources */ = {
			isa = PBXSourcesBuildPhase;
			buildActionMask = 2147483647;
			files = (
			);
			runOnlyForDeploymentPostprocessing = 0;
		};
		0DD496BC2CF40C950040E0E6 /* Sources */ = {
			isa = PBXSourcesBuildPhase;
			buildActionMask = 2147483647;
			files = (
			);
			runOnlyForDeploymentPostprocessing = 0;
		};
/* End PBXSourcesBuildPhase section */

/* Begin PBXTargetDependency section */
		0DD496B82CF40C940040E0E6 /* PBXTargetDependency */ = {
			isa = PBXTargetDependency;
			target = 0DD496A52CF40C930040E0E6 /* Dockify */;
			targetProxy = 0DD496B72CF40C940040E0E6 /* PBXContainerItemProxy */;
		};
		0DD496C22CF40C950040E0E6 /* PBXTargetDependency */ = {
			isa = PBXTargetDependency;
			target = 0DD496A52CF40C930040E0E6 /* Dockify */;
			targetProxy = 0DD496C12CF40C950040E0E6 /* PBXContainerItemProxy */;
		};
/* End PBXTargetDependency section */

/* Begin XCBuildConfiguration section */
		0DD496C82CF40C950040E0E6 /* Debug */ = {
			isa = XCBuildConfiguration;
			buildSettings = {
				ALWAYS_SEARCH_USER_PATHS = NO;
				ASSETCATALOG_COMPILER_GENERATE_SWIFT_ASSET_SYMBOL_EXTENSIONS = YES;
				CLANG_ANALYZER_NONNULL = YES;
				CLANG_ANALYZER_NUMBER_OBJECT_CONVERSION = YES_AGGRESSIVE;
				CLANG_CXX_LANGUAGE_STANDARD = "gnu++20";
				CLANG_ENABLE_MODULES = YES;
				CLANG_ENABLE_OBJC_ARC = YES;
				CLANG_ENABLE_OBJC_WEAK = YES;
				CLANG_WARN_BLOCK_CAPTURE_AUTORELEASING = YES;
				CLANG_WARN_BOOL_CONVERSION = YES;
				CLANG_WARN_COMMA = YES;
				CLANG_WARN_CONSTANT_CONVERSION = YES;
				CLANG_WARN_DEPRECATED_OBJC_IMPLEMENTATIONS = YES;
				CLANG_WARN_DIRECT_OBJC_ISA_USAGE = YES_ERROR;
				CLANG_WARN_DOCUMENTATION_COMMENTS = YES;
				CLANG_WARN_EMPTY_BODY = YES;
				CLANG_WARN_ENUM_CONVERSION = YES;
				CLANG_WARN_INFINITE_RECURSION = YES;
				CLANG_WARN_INT_CONVERSION = YES;
				CLANG_WARN_NON_LITERAL_NULL_CONVERSION = YES;
				CLANG_WARN_OBJC_IMPLICIT_RETAIN_SELF = YES;
				CLANG_WARN_OBJC_LITERAL_CONVERSION = YES;
				CLANG_WARN_OBJC_ROOT_CLASS = YES_ERROR;
				CLANG_WARN_QUOTED_INCLUDE_IN_FRAMEWORK_HEADER = YES;
				CLANG_WARN_RANGE_LOOP_ANALYSIS = YES;
				CLANG_WARN_STRICT_PROTOTYPES = YES;
				CLANG_WARN_SUSPICIOUS_MOVE = YES;
				CLANG_WARN_UNGUARDED_AVAILABILITY = YES_AGGRESSIVE;
				CLANG_WARN_UNREACHABLE_CODE = YES;
				CLANG_WARN__DUPLICATE_METHOD_MATCH = YES;
				COPY_PHASE_STRIP = NO;
				DEBUG_INFORMATION_FORMAT = dwarf;
				ENABLE_STRICT_OBJC_MSGSEND = YES;
				ENABLE_TESTABILITY = YES;
				ENABLE_USER_SCRIPT_SANDBOXING = YES;
				GCC_C_LANGUAGE_STANDARD = gnu17;
				GCC_DYNAMIC_NO_PIC = NO;
				GCC_NO_COMMON_BLOCKS = YES;
				GCC_OPTIMIZATION_LEVEL = 0;
				GCC_PREPROCESSOR_DEFINITIONS = (
					"DEBUG=1",
					"$(inherited)",
				);
				GCC_WARN_64_TO_32_BIT_CONVERSION = YES;
				GCC_WARN_ABOUT_RETURN_TYPE = YES_ERROR;
				GCC_WARN_UNDECLARED_SELECTOR = YES;
				GCC_WARN_UNINITIALIZED_AUTOS = YES_AGGRESSIVE;
				GCC_WARN_UNUSED_FUNCTION = YES;
				GCC_WARN_UNUSED_VARIABLE = YES;
				IPHONEOS_DEPLOYMENT_TARGET = 18.0;
				LOCALIZATION_PREFERS_STRING_CATALOGS = YES;
				MTL_ENABLE_DEBUG_INFO = INCLUDE_SOURCE;
				MTL_FAST_MATH = YES;
				ONLY_ACTIVE_ARCH = YES;
				SDKROOT = iphoneos;
				SWIFT_ACTIVE_COMPILATION_CONDITIONS = "DEBUG $(inherited)";
				SWIFT_OPTIMIZATION_LEVEL = "-Onone";
			};
			name = Debug;
		};
		0DD496C92CF40C950040E0E6 /* Release */ = {
			isa = XCBuildConfiguration;
			buildSettings = {
				ALWAYS_SEARCH_USER_PATHS = NO;
				ASSETCATALOG_COMPILER_GENERATE_SWIFT_ASSET_SYMBOL_EXTENSIONS = YES;
				CLANG_ANALYZER_NONNULL = YES;
				CLANG_ANALYZER_NUMBER_OBJECT_CONVERSION = YES_AGGRESSIVE;
				CLANG_CXX_LANGUAGE_STANDARD = "gnu++20";
				CLANG_ENABLE_MODULES = YES;
				CLANG_ENABLE_OBJC_ARC = YES;
				CLANG_ENABLE_OBJC_WEAK = YES;
				CLANG_WARN_BLOCK_CAPTURE_AUTORELEASING = YES;
				CLANG_WARN_BOOL_CONVERSION = YES;
				CLANG_WARN_COMMA = YES;
				CLANG_WARN_CONSTANT_CONVERSION = YES;
				CLANG_WARN_DEPRECATED_OBJC_IMPLEMENTATIONS = YES;
				CLANG_WARN_DIRECT_OBJC_ISA_USAGE = YES_ERROR;
				CLANG_WARN_DOCUMENTATION_COMMENTS = YES;
				CLANG_WARN_EMPTY_BODY = YES;
				CLANG_WARN_ENUM_CONVERSION = YES;
				CLANG_WARN_INFINITE_RECURSION = YES;
				CLANG_WARN_INT_CONVERSION = YES;
				CLANG_WARN_NON_LITERAL_NULL_CONVERSION = YES;
				CLANG_WARN_OBJC_IMPLICIT_RETAIN_SELF = YES;
				CLANG_WARN_OBJC_LITERAL_CONVERSION = YES;
				CLANG_WARN_OBJC_ROOT_CLASS = YES_ERROR;
				CLANG_WARN_QUOTED_INCLUDE_IN_FRAMEWORK_HEADER = YES;
				CLANG_WARN_RANGE_LOOP_ANALYSIS = YES;
				CLANG_WARN_STRICT_PROTOTYPES = YES;
				CLANG_WARN_SUSPICIOUS_MOVE = YES;
				CLANG_WARN_UNGUARDED_AVAILABILITY = YES_AGGRESSIVE;
				CLANG_WARN_UNREACHABLE_CODE = YES;
				CLANG_WARN__DUPLICATE_METHOD_MATCH = YES;
				COPY_PHASE_STRIP = NO;
				DEBUG_INFORMATION_FORMAT = "dwarf-with-dsym";
				ENABLE_NS_ASSERTIONS = NO;
				ENABLE_STRICT_OBJC_MSGSEND = YES;
				ENABLE_USER_SCRIPT_SANDBOXING = YES;
				GCC_C_LANGUAGE_STANDARD = gnu17;
				GCC_NO_COMMON_BLOCKS = YES;
				GCC_WARN_64_TO_32_BIT_CONVERSION = YES;
				GCC_WARN_ABOUT_RETURN_TYPE = YES_ERROR;
				GCC_WARN_UNDECLARED_SELECTOR = YES;
				GCC_WARN_UNINITIALIZED_AUTOS = YES_AGGRESSIVE;
				GCC_WARN_UNUSED_FUNCTION = YES;
				GCC_WARN_UNUSED_VARIABLE = YES;
				IPHONEOS_DEPLOYMENT_TARGET = 18.0;
				LOCALIZATION_PREFERS_STRING_CATALOGS = YES;
				MTL_ENABLE_DEBUG_INFO = NO;
				MTL_FAST_MATH = YES;
				SDKROOT = iphoneos;
				SWIFT_COMPILATION_MODE = wholemodule;
				VALIDATE_PRODUCT = YES;
			};
			name = Release;
		};
		0DD496CB2CF40C950040E0E6 /* Debug */ = {
			isa = XCBuildConfiguration;
			buildSettings = {
				ASSETCATALOG_COMPILER_APPICON_NAME = AppIcon;
				ASSETCATALOG_COMPILER_GLOBAL_ACCENT_COLOR_NAME = AccentColor;
				CODE_SIGN_STYLE = Automatic;
				CURRENT_PROJECT_VERSION = 1;
				DEVELOPMENT_ASSET_PATHS = "\"Dockify/Preview Content\"";
				ENABLE_PREVIEWS = YES;
				GENERATE_INFOPLIST_FILE = YES;
				INFOPLIST_KEY_UIApplicationSceneManifest_Generation = YES;
				INFOPLIST_KEY_UIApplicationSupportsIndirectInputEvents = YES;
				INFOPLIST_KEY_UILaunchScreen_Generation = YES;
				INFOPLIST_KEY_UISupportedInterfaceOrientations_iPad = "UIInterfaceOrientationPortrait UIInterfaceOrientationPortraitUpsideDown UIInterfaceOrientationLandscapeLeft UIInterfaceOrientationLandscapeRight";
				INFOPLIST_KEY_UISupportedInterfaceOrientations_iPhone = "UIInterfaceOrientationPortrait UIInterfaceOrientationLandscapeLeft UIInterfaceOrientationLandscapeRight";
				IPHONEOS_DEPLOYMENT_TARGET = 15.6;
				LD_RUNPATH_SEARCH_PATHS = (
					"$(inherited)",
					"@executable_path/Frameworks",
				);
				MARKETING_VERSION = 1.0;
				PRODUCT_BUNDLE_IDENTIFIER = com.subhan.Dockify;
				PRODUCT_NAME = "$(TARGET_NAME)";
				SWIFT_EMIT_LOC_STRINGS = YES;
				SWIFT_VERSION = 5.0;
				TARGETED_DEVICE_FAMILY = "1,2";
			};
			name = Debug;
		};
		0DD496CC2CF40C950040E0E6 /* Release */ = {
			isa = XCBuildConfiguration;
			buildSettings = {
				ASSETCATALOG_COMPILER_APPICON_NAME = AppIcon;
				ASSETCATALOG_COMPILER_GLOBAL_ACCENT_COLOR_NAME = AccentColor;
				CODE_SIGN_STYLE = Automatic;
				CURRENT_PROJECT_VERSION = 1;
				DEVELOPMENT_ASSET_PATHS = "\"Dockify/Preview Content\"";
				ENABLE_PREVIEWS = YES;
				GENERATE_INFOPLIST_FILE = YES;
				INFOPLIST_KEY_UIApplicationSceneManifest_Generation = YES;
				INFOPLIST_KEY_UIApplicationSupportsIndirectInputEvents = YES;
				INFOPLIST_KEY_UILaunchScreen_Generation = YES;
				INFOPLIST_KEY_UISupportedInterfaceOrientations_iPad = "UIInterfaceOrientationPortrait UIInterfaceOrientationPortraitUpsideDown UIInterfaceOrientationLandscapeLeft UIInterfaceOrientationLandscapeRight";
				INFOPLIST_KEY_UISupportedInterfaceOrientations_iPhone = "UIInterfaceOrientationPortrait UIInterfaceOrientationLandscapeLeft UIInterfaceOrientationLandscapeRight";
				IPHONEOS_DEPLOYMENT_TARGET = 15.6;
				LD_RUNPATH_SEARCH_PATHS = (
					"$(inherited)",
					"@executable_path/Frameworks",
				);
				MARKETING_VERSION = 1.0;
				PRODUCT_BUNDLE_IDENTIFIER = com.subhan.Dockify;
				PRODUCT_NAME = "$(TARGET_NAME)";
				SWIFT_EMIT_LOC_STRINGS = YES;
				SWIFT_VERSION = 5.0;
				TARGETED_DEVICE_FAMILY = "1,2";
			};
			name = Release;
		};
		0DD496CE2CF40C950040E0E6 /* Debug */ = {
			isa = XCBuildConfiguration;
			buildSettings = {
				BUNDLE_LOADER = "$(TEST_HOST)";
				CODE_SIGN_STYLE = Automatic;
				CURRENT_PROJECT_VERSION = 1;
				GENERATE_INFOPLIST_FILE = YES;
				IPHONEOS_DEPLOYMENT_TARGET = 18.0;
				MARKETING_VERSION = 1.0;
				PRODUCT_BUNDLE_IDENTIFIER = com.subhan.DockifyTests;
				PRODUCT_NAME = "$(TARGET_NAME)";
				SWIFT_EMIT_LOC_STRINGS = NO;
				SWIFT_VERSION = 5.0;
				TARGETED_DEVICE_FAMILY = "1,2";
				TEST_HOST = "$(BUILT_PRODUCTS_DIR)/Dockify.app/$(BUNDLE_EXECUTABLE_FOLDER_PATH)/Dockify";
			};
			name = Debug;
		};
		0DD496CF2CF40C950040E0E6 /* Release */ = {
			isa = XCBuildConfiguration;
			buildSettings = {
				BUNDLE_LOADER = "$(TEST_HOST)";
				CODE_SIGN_STYLE = Automatic;
				CURRENT_PROJECT_VERSION = 1;
				GENERATE_INFOPLIST_FILE = YES;
				IPHONEOS_DEPLOYMENT_TARGET = 18.0;
				MARKETING_VERSION = 1.0;
				PRODUCT_BUNDLE_IDENTIFIER = com.subhan.DockifyTests;
				PRODUCT_NAME = "$(TARGET_NAME)";
				SWIFT_EMIT_LOC_STRINGS = NO;
				SWIFT_VERSION = 5.0;
				TARGETED_DEVICE_FAMILY = "1,2";
				TEST_HOST = "$(BUILT_PRODUCTS_DIR)/Dockify.app/$(BUNDLE_EXECUTABLE_FOLDER_PATH)/Dockify";
			};
			name = Release;
		};
		0DD496D12CF40C950040E0E6 /* Debug */ = {
			isa = XCBuildConfiguration;
			buildSettings = {
				CODE_SIGN_STYLE = Automatic;
				CURRENT_PROJECT_VERSION = 1;
				GENERATE_INFOPLIST_FILE = YES;
				MARKETING_VERSION = 1.0;
				PRODUCT_BUNDLE_IDENTIFIER = com.subhan.DockifyUITests;
				PRODUCT_NAME = "$(TARGET_NAME)";
				SWIFT_EMIT_LOC_STRINGS = NO;
				SWIFT_VERSION = 5.0;
				TARGETED_DEVICE_FAMILY = "1,2";
				TEST_TARGET_NAME = Dockify;
			};
			name = Debug;
		};
		0DD496D22CF40C950040E0E6 /* Release */ = {
			isa = XCBuildConfiguration;
			buildSettings = {
				CODE_SIGN_STYLE = Automatic;
				CURRENT_PROJECT_VERSION = 1;
				GENERATE_INFOPLIST_FILE = YES;
				MARKETING_VERSION = 1.0;
				PRODUCT_BUNDLE_IDENTIFIER = com.subhan.DockifyUITests;
				PRODUCT_NAME = "$(TARGET_NAME)";
				SWIFT_EMIT_LOC_STRINGS = NO;
				SWIFT_VERSION = 5.0;
				TARGETED_DEVICE_FAMILY = "1,2";
				TEST_TARGET_NAME = Dockify;
			};
			name = Release;
		};
/* End XCBuildConfiguration section */

/* Begin XCConfigurationList section */
		0DD496A12CF40C930040E0E6 /* Build configuration list for PBXProject "Dockify" */ = {
			isa = XCConfigurationList;
			buildConfigurations = (
				0DD496C82CF40C950040E0E6 /* Debug */,
				0DD496C92CF40C950040E0E6 /* Release */,
			);
			defaultConfigurationIsVisible = 0;
			defaultConfigurationName = Release;
		};
		0DD496CA2CF40C950040E0E6 /* Build configuration list for PBXNativeTarget "Dockify" */ = {
			isa = XCConfigurationList;
			buildConfigurations = (
				0DD496CB2CF40C950040E0E6 /* Debug */,
				0DD496CC2CF40C950040E0E6 /* Release */,
			);
			defaultConfigurationIsVisible = 0;
			defaultConfigurationName = Release;
		};
		0DD496CD2CF40C950040E0E6 /* Build configuration list for PBXNativeTarget "DockifyTests" */ = {
			isa = XCConfigurationList;
			buildConfigurations = (
				0DD496CE2CF40C950040E0E6 /* Debug */,
				0DD496CF2CF40C950040E0E6 /* Release */,
			);
			defaultConfigurationIsVisible = 0;
			defaultConfigurationName = Release;
		};
		0DD496D02CF40C950040E0E6 /* Build configuration list for PBXNativeTarget "DockifyUITests" */ = {
			isa = XCConfigurationList;
			buildConfigurations = (
				0DD496D12CF40C950040E0E6 /* Debug */,
				0DD496D22CF40C950040E0E6 /* Release */,
			);
			defaultConfigurationIsVisible = 0;
			defaultConfigurationName = Release;
		};
/* End XCConfigurationList section */

/* Begin XCRemoteSwiftPackageReference section */
		0D9E10622CF693C300723180 /* XCRemoteSwiftPackageReference "firebase-ios-sdk" */ = {
			isa = XCRemoteSwiftPackageReference;
			repositoryURL = "https://github.com/firebase/firebase-ios-sdk";
			requirement = {
				kind = upToNextMajorVersion;
				minimumVersion = 11.5.0;
			};
		};
/* End XCRemoteSwiftPackageReference section */

/* Begin XCSwiftPackageProductDependency section */
		0D5795572CFB70470073657C /* FirebaseAuth */ = {
			isa = XCSwiftPackageProductDependency;
			package = 0D9E10622CF693C300723180 /* XCRemoteSwiftPackageReference "firebase-ios-sdk" */;
			productName = FirebaseAuth;
		};
		0D5795592CFB706A0073657C /* FirebaseAnalytics */ = {
			isa = XCSwiftPackageProductDependency;
			package = 0D9E10622CF693C300723180 /* XCRemoteSwiftPackageReference "firebase-ios-sdk" */;
			productName = FirebaseAnalytics;
		};
		0D9E10632CF693C300723180 /* FirebaseFirestore */ = {
			isa = XCSwiftPackageProductDependency;
			package = 0D9E10622CF693C300723180 /* XCRemoteSwiftPackageReference "firebase-ios-sdk" */;
			productName = FirebaseFirestore;
		};
/* End XCSwiftPackageProductDependency section */
	};
	rootObject = 0DD4969E2CF40C930040E0E6 /* Project object */;
}
